
Microsoft Visual Studio Solution File, Format Version 12.00
# Visual Studio Version 17
VisualStudioVersion = 17.3.32901.215
MinimumVisualStudioVersion = 10.0.40219.1
Project("{9A19103F-16F7-4668-BE54-9A1E7A4F7556}") = "Semainier", "Semainier.csproj", "{90661A25-F394-4A50-B86F-4098CC946A4B}"
EndProject
Global
	GlobalSection(SolutionConfigurationPlatforms) = preSolution
		Debug|Any CPU = Debug|Any CPU
		Release|Any CPU = Release|Any CPU
	EndGlobalSection
	GlobalSection(ProjectConfigurationPlatforms) = postSolution
		{90661A25-F394-4A50-B86F-4098CC946A4B}.Debug|Any CPU.ActiveCfg = Debug|Any CPU
		{90661A25-F394-4A50-B86F-4098CC946A4B}.Debug|Any CPU.Build.0 = Debug|Any CPU
		{90661A25-F394-4A50-B86F-4098CC946A4B}.Release|Any CPU.ActiveCfg = Release|Any CPU
		{90661A25-F394-4A50-B86F-4098CC946A4B}.Release|Any CPU.Build.0 = Release|Any CPU
	EndGlobalSection
	GlobalSection(SolutionProperties) = preSolution
		HideSolutionNode = FALSE
	EndGlobalSection
	GlobalSection(ExtensibilityGlobals) = postSolution
		SolutionGuid = {60433C54-F421-46E6-A09D-115C33EB136D}
	EndGlobalSection
EndGlobal
